// !$*UTF8*$!
{
	archiveVersion = 1;
	classes = {
	};
	objectVersion = 50;
	objects = {

/* Begin PBXBuildFile section */
		D12883A224926FA700716BAB /* linked_list.c in Sources */ = {isa = PBXBuildFile; fileRef = D12883A124926FA700716BAB /* linked_list.c */; };
		D1676394248FDEA400853B56 /* main.c in Sources */ = {isa = PBXBuildFile; fileRef = D1676393248FDEA400853B56 /* main.c */; };
		D167639C248FDECD00853B56 /* time.c in Sources */ = {isa = PBXBuildFile; fileRef = D167639B248FDECD00853B56 /* time.c */; };
		D167639F248FDEE500853B56 /* filedistance.c in Sources */ = {isa = PBXBuildFile; fileRef = D167639E248FDEE500853B56 /* filedistance.c */; };
		D16763A2248FE74400853B56 /* levensthein.c in Sources */ = {isa = PBXBuildFile; fileRef = D16763A1248FE74400853B56 /* levensthein.c */; };
		D16763A82491092100853B56 /* makefile in Sources */ = {isa = PBXBuildFile; fileRef = D16763A72491092000853B56 /* makefile */; };
/* End PBXBuildFile section */

/* Begin PBXCopyFilesBuildPhase section */
		D167638E248FDEA400853B56 /* CopyFiles */ = {
			isa = PBXCopyFilesBuildPhase;
			buildActionMask = 2147483647;
			dstPath = /usr/share/man/man1/;
			dstSubfolderSpec = 0;
			files = (
			);
			runOnlyForDeploymentPostprocessing = 1;
		};
/* End PBXCopyFilesBuildPhase section */

/* Begin PBXFileReference section */
		D12883A024926FA700716BAB /* linked_list.h */ = {isa = PBXFileReference; lastKnownFileType = sourcecode.c.h; path = linked_list.h; sourceTree = "<group>"; };
		D12883A124926FA700716BAB /* linked_list.c */ = {isa = PBXFileReference; lastKnownFileType = sourcecode.c.c; path = linked_list.c; sourceTree = "<group>"; };
		D1676390248FDEA400853B56 /* MicheleBenedetti100888 */ = {isa = PBXFileReference; explicitFileType = "compiled.mach-o.executable"; includeInIndex = 0; path = MicheleBenedetti100888; sourceTree = BUILT_PRODUCTS_DIR; };
		D1676393248FDEA400853B56 /* main.c */ = {isa = PBXFileReference; lastKnownFileType = sourcecode.c.c; path = main.c; sourceTree = "<group>"; };
		D167639A248FDECD00853B56 /* time.h */ = {isa = PBXFileReference; lastKnownFileType = sourcecode.c.h; path = time.h; sourceTree = "<group>"; };
		D167639B248FDECD00853B56 /* time.c */ = {isa = PBXFileReference; lastKnownFileType = sourcecode.c.c; path = time.c; sourceTree = "<group>"; };
		D167639D248FDEE500853B56 /* filedistance.h */ = {isa = PBXFileReference; lastKnownFileType = sourcecode.c.h; path = filedistance.h; sourceTree = "<group>"; };
		D167639E248FDEE500853B56 /* filedistance.c */ = {isa = PBXFileReference; lastKnownFileType = sourcecode.c.c; path = filedistance.c; sourceTree = "<group>"; };
		D16763A0248FE74400853B56 /* levensthein.h */ = {isa = PBXFileReference; lastKnownFileType = sourcecode.c.h; path = levensthein.h; sourceTree = "<group>"; };
		D16763A1248FE74400853B56 /* levensthein.c */ = {isa = PBXFileReference; lastKnownFileType = sourcecode.c.c; path = levensthein.c; sourceTree = "<group>"; };
		D16763A52491069D00853B56 /* file1.txt */ = {isa = PBXFileReference; lastKnownFileType = text; path = file1.txt; sourceTree = "<group>"; };
		D16763A6249106C400853B56 /* file2.txt */ = {isa = PBXFileReference; lastKnownFileType = text; path = file2.txt; sourceTree = "<group>"; };
		D16763A72491092000853B56 /* makefile */ = {isa = PBXFileReference; fileEncoding = 4; lastKnownFileType = sourcecode.make; path = makefile; sourceTree = "<group>"; };
/* End PBXFileReference section */

/* Begin PBXFrameworksBuildPhase section */
		D167638D248FDEA400853B56 /* Frameworks */ = {
			isa = PBXFrameworksBuildPhase;
			buildActionMask = 2147483647;
			files = (
			);
			runOnlyForDeploymentPostprocessing = 0;
		};
/* End PBXFrameworksBuildPhase section */

/* Begin PBXGroup section */
		D1676387248FDEA300853B56 = {
			isa = PBXGroup;
			children = (
				D1676392248FDEA400853B56 /* MicheleBenedetti100888 */,
				D1676391248FDEA400853B56 /* Products */,
			);
			sourceTree = "<group>";
		};
		D1676391248FDEA400853B56 /* Products */ = {
			isa = PBXGroup;
			children = (
				D1676390248FDEA400853B56 /* MicheleBenedetti100888 */,
			);
			name = Products;
			sourceTree = "<group>";
		};
		D1676392248FDEA400853B56 /* MicheleBenedetti100888 */ = {
			isa = PBXGroup;
			children = (
				D1676393248FDEA400853B56 /* main.c */,
				D16763A72491092000853B56 /* makefile */,
				D167639A248FDECD00853B56 /* time.h */,
				D167639B248FDECD00853B56 /* time.c */,
				D167639D248FDEE500853B56 /* filedistance.h */,
				D167639E248FDEE500853B56 /* filedistance.c */,
				D16763A0248FE74400853B56 /* levensthein.h */,
				D16763A1248FE74400853B56 /* levensthein.c */,
				D16763A52491069D00853B56 /* file1.txt */,
				D16763A6249106C400853B56 /* file2.txt */,
				D12883A024926FA700716BAB /* linked_list.h */,
				D12883A124926FA700716BAB /* linked_list.c */,
			);
			path = MicheleBenedetti100888;
			sourceTree = "<group>";
		};
/* End PBXGroup section */

/* Begin PBXNativeTarget section */
		D167638F248FDEA400853B56 /* MicheleBenedetti100888 */ = {
			isa = PBXNativeTarget;
			buildConfigurationList = D1676397248FDEA400853B56 /* Build configuration list for PBXNativeTarget "MicheleBenedetti100888" */;
			buildPhases = (
				D167638C248FDEA400853B56 /* Sources */,
				D167638D248FDEA400853B56 /* Frameworks */,
				D167638E248FDEA400853B56 /* CopyFiles */,
			);
			buildRules = (
			);
			dependencies = (
			);
			name = MicheleBenedetti100888;
			productName = MicheleBenedetti100888;
			productReference = D1676390248FDEA400853B56 /* MicheleBenedetti100888 */;
			productType = "com.apple.product-type.tool";
		};
/* End PBXNativeTarget section */

/* Begin PBXProject section */
		D1676388248FDEA300853B56 /* Project object */ = {
			isa = PBXProject;
			attributes = {
				LastUpgradeCheck = 1150;
				ORGANIZATIONNAME = Michele;
				TargetAttributes = {
					D167638F248FDEA400853B56 = {
						CreatedOnToolsVersion = 11.5;
					};
				};
			};
			buildConfigurationList = D167638B248FDEA300853B56 /* Build configuration list for PBXProject "MicheleBenedetti100888" */;
			compatibilityVersion = "Xcode 9.3";
			developmentRegion = en;
			hasScannedForEncodings = 0;
			knownRegions = (
				en,
				Base,
			);
			mainGroup = D1676387248FDEA300853B56;
			productRefGroup = D1676391248FDEA400853B56 /* Products */;
			projectDirPath = "";
			projectRoot = "";
			targets = (
				D167638F248FDEA400853B56 /* MicheleBenedetti100888 */,
			);
		};
/* End PBXProject section */

/* Begin PBXSourcesBuildPhase section */
		D167638C248FDEA400853B56 /* Sources */ = {
			isa = PBXSourcesBuildPhase;
			buildActionMask = 2147483647;
			files = (
				D12883A224926FA700716BAB /* linked_list.c in Sources */,
				D167639F248FDEE500853B56 /* filedistance.c in Sources */,
				D167639C248FDECD00853B56 /* time.c in Sources */,
				D1676394248FDEA400853B56 /* main.c in Sources */,
				D16763A2248FE74400853B56 /* levensthein.c in Sources */,
				D16763A82491092100853B56 /* makefile in Sources */,
			);
			runOnlyForDeploymentPostprocessing = 0;
		};
/* End PBXSourcesBuildPhase section */

/* Begin XCBuildConfiguration section */
		D1676395248FDEA400853B56 /* Debug */ = {
			isa = XCBuildConfiguration;
			buildSettings = {
				ALWAYS_SEARCH_USER_PATHS = NO;
				CLANG_ANALYZER_NONNULL = YES;
				CLANG_ANALYZER_NUMBER_OBJECT_CONVERSION = YES_AGGRESSIVE;
				CLANG_CXX_LANGUAGE_STANDARD = "gnu++14";
				CLANG_CXX_LIBRARY = "libc++";
				CLANG_ENABLE_MODULES = YES;
				CLANG_ENABLE_OBJC_ARC = YES;
				CLANG_ENABLE_OBJC_WEAK = YES;
				CLANG_WARN_BLOCK_CAPTURE_AUTORELEASING = YES;
				CLANG_WARN_BOOL_CONVERSION = YES;
				CLANG_WARN_COMMA = YES;
				CLANG_WARN_CONSTANT_CONVERSION = YES;
				CLANG_WARN_DEPRECATED_OBJC_IMPLEMENTATIONS = YES;
				CLANG_WARN_DIRECT_OBJC_ISA_USAGE = YES_ERROR;
				CLANG_WARN_DOCUMENTATION_COMMENTS = YES;
				CLANG_WARN_EMPTY_BODY = YES;
				CLANG_WARN_ENUM_CONVERSION = YES;
				CLANG_WARN_INFINITE_RECURSION = YES;
				CLANG_WARN_INT_CONVERSION = YES;
				CLANG_WARN_NON_LITERAL_NULL_CONVERSION = YES;
				CLANG_WARN_OBJC_IMPLICIT_RETAIN_SELF = YES;
				CLANG_WARN_OBJC_LITERAL_CONVERSION = YES;
				CLANG_WARN_OBJC_ROOT_CLASS = YES_ERROR;
				CLANG_WARN_RANGE_LOOP_ANALYSIS = YES;
				CLANG_WARN_STRICT_PROTOTYPES = YES;
				CLANG_WARN_SUSPICIOUS_MOVE = YES;
				CLANG_WARN_UNGUARDED_AVAILABILITY = YES_AGGRESSIVE;
				CLANG_WARN_UNREACHABLE_CODE = YES;
				CLANG_WARN__DUPLICATE_METHOD_MATCH = YES;
				COPY_PHASE_STRIP = NO;
				DEBUG_INFORMATION_FORMAT = dwarf;
				ENABLE_STRICT_OBJC_MSGSEND = YES;
				ENABLE_TESTABILITY = YES;
				GCC_C_LANGUAGE_STANDARD = gnu11;
				GCC_DYNAMIC_NO_PIC = NO;
				GCC_NO_COMMON_BLOCKS = YES;
				GCC_OPTIMIZATION_LEVEL = 0;
				GCC_PREPROCESSOR_DEFINITIONS = (
					"DEBUG=1",
					"$(inherited)",
				);
				GCC_WARN_64_TO_32_BIT_CONVERSION = YES;
				GCC_WARN_ABOUT_RETURN_TYPE = YES_ERROR;
				GCC_WARN_UNDECLARED_SELECTOR = YES;
				GCC_WARN_UNINITIALIZED_AUTOS = YES_AGGRESSIVE;
				GCC_WARN_UNUSED_FUNCTION = YES;
				GCC_WARN_UNUSED_VARIABLE = YES;
				MACOSX_DEPLOYMENT_TARGET = 10.15;
				MTL_ENABLE_DEBUG_INFO = INCLUDE_SOURCE;
				MTL_FAST_MATH = YES;
				ONLY_ACTIVE_ARCH = YES;
				SDKROOT = macosx;
			};
			name = Debug;
		};
		D1676396248FDEA400853B56 /* Release */ = {
			isa = XCBuildConfiguration;
			buildSettings = {
				ALWAYS_SEARCH_USER_PATHS = NO;
				CLANG_ANALYZER_NONNULL = YES;
				CLANG_ANALYZER_NUMBER_OBJECT_CONVERSION = YES_AGGRESSIVE;
				CLANG_CXX_LANGUAGE_STANDARD = "gnu++14";
				CLANG_CXX_LIBRARY = "libc++";
				CLANG_ENABLE_MODULES = YES;
				CLANG_ENABLE_OBJC_ARC = YES;
				CLANG_ENABLE_OBJC_WEAK = YES;
				CLANG_WARN_BLOCK_CAPTURE_AUTORELEASING = YES;
				CLANG_WARN_BOOL_CONVERSION = YES;
				CLANG_WARN_COMMA = YES;
				CLANG_WARN_CONSTANT_CONVERSION = YES;
				CLANG_WARN_DEPRECATED_OBJC_IMPLEMENTATIONS = YES;
				CLANG_WARN_DIRECT_OBJC_ISA_USAGE = YES_ERROR;
				CLANG_WARN_DOCUMENTATION_COMMENTS = YES;
				CLANG_WARN_EMPTY_BODY = YES;
				CLANG_WARN_ENUM_CONVERSION = YES;
				CLANG_WARN_INFINITE_RECURSION = YES;
				CLANG_WARN_INT_CONVERSION = YES;
				CLANG_WARN_NON_LITERAL_NULL_CONVERSION = YES;
				CLANG_WARN_OBJC_IMPLICIT_RETAIN_SELF = YES;
				CLANG_WARN_OBJC_LITERAL_CONVERSION = YES;
				CLANG_WARN_OBJC_ROOT_CLASS = YES_ERROR;
				CLANG_WARN_RANGE_LOOP_ANALYSIS = YES;
				CLANG_WARN_STRICT_PROTOTYPES = YES;
				CLANG_WARN_SUSPICIOUS_MOVE = YES;
				CLANG_WARN_UNGUARDED_AVAILABILITY = YES_AGGRESSIVE;
				CLANG_WARN_UNREACHABLE_CODE = YES;
				CLANG_WARN__DUPLICATE_METHOD_MATCH = YES;
				COPY_PHASE_STRIP = NO;
				DEBUG_INFORMATION_FORMAT = "dwarf-with-dsym";
				ENABLE_NS_ASSERTIONS = NO;
				ENABLE_STRICT_OBJC_MSGSEND = YES;
				GCC_C_LANGUAGE_STANDARD = gnu11;
				GCC_NO_COMMON_BLOCKS = YES;
				GCC_WARN_64_TO_32_BIT_CONVERSION = YES;
				GCC_WARN_ABOUT_RETURN_TYPE = YES_ERROR;
				GCC_WARN_UNDECLARED_SELECTOR = YES;
				GCC_WARN_UNINITIALIZED_AUTOS = YES_AGGRESSIVE;
				GCC_WARN_UNUSED_FUNCTION = YES;
				GCC_WARN_UNUSED_VARIABLE = YES;
				MACOSX_DEPLOYMENT_TARGET = 10.15;
				MTL_ENABLE_DEBUG_INFO = NO;
				MTL_FAST_MATH = YES;
				SDKROOT = macosx;
			};
			name = Release;
		};
		D1676398248FDEA400853B56 /* Debug */ = {
			isa = XCBuildConfiguration;
			buildSettings = {
				CODE_SIGN_STYLE = Automatic;
				PRODUCT_NAME = "$(TARGET_NAME)";
			};
			name = Debug;
		};
		D1676399248FDEA400853B56 /* Release */ = {
			isa = XCBuildConfiguration;
			buildSettings = {
				CODE_SIGN_STYLE = Automatic;
				PRODUCT_NAME = "$(TARGET_NAME)";
			};
			name = Release;
		};
/* End XCBuildConfiguration section */

/* Begin XCConfigurationList section */
		D167638B248FDEA300853B56 /* Build configuration list for PBXProject "MicheleBenedetti100888" */ = {
			isa = XCConfigurationList;
			buildConfigurations = (
				D1676395248FDEA400853B56 /* Debug */,
				D1676396248FDEA400853B56 /* Release */,
			);
			defaultConfigurationIsVisible = 0;
			defaultConfigurationName = Release;
		};
		D1676397248FDEA400853B56 /* Build configuration list for PBXNativeTarget "MicheleBenedetti100888" */ = {
			isa = XCConfigurationList;
			buildConfigurations = (
				D1676398248FDEA400853B56 /* Debug */,
				D1676399248FDEA400853B56 /* Release */,
			);
			defaultConfigurationIsVisible = 0;
			defaultConfigurationName = Release;
		};
/* End XCConfigurationList section */
	};
	rootObject = D1676388248FDEA300853B56 /* Project object */;
}
